
Microsoft Visual Studio Solution File, Format Version 12.00
# Visual Studio Version 17
VisualStudioVersion = 17.0.32112.339
MinimumVisualStudioVersion = 10.0.40219.1
Project("{FAE04EC0-301F-11D3-BF4B-00C04F79EFBC}") = "3020A2", "3020A2.csproj", "{E3A36D47-D51D-45C2-A166-28CAC8A2B811}"
EndProject
Global
	GlobalSection(SolutionConfigurationPlatforms) = preSolution
		Debug|Any CPU = Debug|Any CPU
		Release|Any CPU = Release|Any CPU
	EndGlobalSection
	GlobalSection(ProjectConfigurationPlatforms) = postSolution
		{E3A36D47-D51D-45C2-A166-28CAC8A2B811}.Debug|Any CPU.ActiveCfg = Debug|Any CPU
		{E3A36D47-D51D-45C2-A166-28CAC8A2B811}.Debug|Any CPU.Build.0 = Debug|Any CPU
		{E3A36D47-D51D-45C2-A166-28CAC8A2B811}.Release|Any CPU.ActiveCfg = Release|Any CPU
		{E3A36D47-D51D-45C2-A166-28CAC8A2B811}.Release|Any CPU.Build.0 = Release|Any CPU
	EndGlobalSection
	GlobalSection(SolutionProperties) = preSolution
		HideSolutionNode = FALSE
	EndGlobalSection
	GlobalSection(ExtensibilityGlobals) = postSolution
		SolutionGuid = {E4B2E0B4-5209-4173-96CF-D58B0C4BEFB2}
	EndGlobalSection
EndGlobal
